
Microsoft Visual Studio Solution File, Format Version 12.00
# Visual Studio Version 17
VisualStudioVersion = 17.1.32228.430
MinimumVisualStudioVersion = 10.0.40219.1
Project("{FAE04EC0-301F-11D3-BF4B-00C04F79EFBC}") = "Story52_Stacking", "Story52_Stacking.csproj", "{39F5AB59-F469-4260-A282-A82AD815288A}"
EndProject
Global
	GlobalSection(SolutionConfigurationPlatforms) = preSolution
		Debug|Any CPU = Debug|Any CPU
		Release|Any CPU = Release|Any CPU
	EndGlobalSection
	GlobalSection(ProjectConfigurationPlatforms) = postSolution
		{39F5AB59-F469-4260-A282-A82AD815288A}.Debug|Any CPU.ActiveCfg = Debug|Any CPU
		{39F5AB59-F469-4260-A282-A82AD815288A}.Debug|Any CPU.Build.0 = Debug|Any CPU
		{39F5AB59-F469-4260-A282-A82AD815288A}.Release|Any CPU.ActiveCfg = Release|Any CPU
		{39F5AB59-F469-4260-A282-A82AD815288A}.Release|Any CPU.Build.0 = Release|Any CPU
	EndGlobalSection
	GlobalSection(SolutionProperties) = preSolution
		HideSolutionNode = FALSE
	EndGlobalSection
	GlobalSection(ExtensibilityGlobals) = postSolution
		SolutionGuid = {4FD9A3BC-6FC3-4835-B074-F2824E3955D5}
	EndGlobalSection
EndGlobal
